PODS:
  - Alamofire (4.0.0)
  - AlamofireImage (3.0.0):
    - Alamofire (~> 4.0)
  - Crashlytics (3.8.1):
    - Fabric (~> 1.6.3)
  - Fabric (1.6.8)
  - PKHUD (4.0.0)
  - SwiftyJSON (3.1.3)

DEPENDENCIES:
  - Alamofire
  - AlamofireImage
  - Crashlytics
  - Fabric
  - PKHUD
  - SwiftyJSON

SPEC CHECKSUMS:
  Alamofire: fef59f00388f267e52d9b432aa5d93dc97190f14
  AlamofireImage: 6594aa1139a67dcd36cde6da79ea4e5b318e60fb
  Crashlytics: 4391d8df0b125345e9f209c5db6e7f40a6a8435d
  Fabric: 5755268d0171435ab167e3d0878a28a777deaf10
  PKHUD: 2bb45c936bb8afa39f3cd33ec14e8cc89f624255
  SwiftyJSON: 38a8ea2006779c0fc4c310cb2ee8195327740faf

PODFILE CHECKSUM: 024c82adb415b1eba7f5c1ebfb62b0764784e1b7

COCOAPODS: 1.1.1
